
Microsoft Visual Studio Solution File, Format Version 12.00
# Visual Studio Version 17
VisualStudioVersion = 17.14.36414.22 d17.14
MinimumVisualStudioVersion = 10.0.40219.1
Project("{FAE04EC0-301F-11D3-BF4B-00C04F79EFBC}") = "Sistema de Animales", "Sistema de Animales\Sistema de Animales.csproj", "{99AE9391-0F77-4ABC-AAFB-6F498A44DF97}"
EndProject
Global
	GlobalSection(SolutionConfigurationPlatforms) = preSolution
		Debug|Any CPU = Debug|Any CPU
		Release|Any CPU = Release|Any CPU
	EndGlobalSection
	GlobalSection(ProjectConfigurationPlatforms) = postSolution
		{99AE9391-0F77-4ABC-AAFB-6F498A44DF97}.Debug|Any CPU.ActiveCfg = Debug|Any CPU
		{99AE9391-0F77-4ABC-AAFB-6F498A44DF97}.Debug|Any CPU.Build.0 = Debug|Any CPU
		{99AE9391-0F77-4ABC-AAFB-6F498A44DF97}.Release|Any CPU.ActiveCfg = Release|Any CPU
		{99AE9391-0F77-4ABC-AAFB-6F498A44DF97}.Release|Any CPU.Build.0 = Release|Any CPU
	EndGlobalSection
	GlobalSection(SolutionProperties) = preSolution
		HideSolutionNode = FALSE
	EndGlobalSection
	GlobalSection(ExtensibilityGlobals) = postSolution
		SolutionGuid = {C2B61569-0F8B-47AE-8B44-AE916595C25A}
	EndGlobalSection
EndGlobal
